// !$*UTF8*$!
{
	archiveVersion = 1;
	classes = {
	};
	objectVersion = 56;
	objects = {

/* Begin PBXBuildFile section */
		FB99597F2B95552A005860C9 /* SRSwitUINotificationSampleAppApp.swift in Sources */ = {isa = PBXBuildFile; fileRef = FB99597E2B95552A005860C9 /* SRSwitUINotificationSampleAppApp.swift */; };
		FB9959812B95552A005860C9 /* ContentView.swift in Sources */ = {isa = PBXBuildFile; fileRef = FB9959802B95552A005860C9 /* ContentView.swift */; };
		FB9959832B95552C005860C9 /* Assets.xcassets in Resources */ = {isa = PBXBuildFile; fileRef = FB9959822B95552C005860C9 /* Assets.xcassets */; };
		FB9959862B95552C005860C9 /* Preview Assets.xcassets in Resources */ = {isa = PBXBuildFile; fileRef = FB9959852B95552C005860C9 /* Preview Assets.xcassets */; };
		FB9959932B95574E005860C9 /* FirebaseAnalytics in Frameworks */ = {isa = PBXBuildFile; productRef = FB9959922B95574E005860C9 /* FirebaseAnalytics */; };
		FB9959952B95574E005860C9 /* FirebaseAnalyticsOnDeviceConversion in Frameworks */ = {isa = PBXBuildFile; productRef = FB9959942B95574E005860C9 /* FirebaseAnalyticsOnDeviceConversion */; };
		FB9959972B95574E005860C9 /* FirebaseAnalyticsSwift in Frameworks */ = {isa = PBXBuildFile; productRef = FB9959962B95574E005860C9 /* FirebaseAnalyticsSwift */; };
		FB9959992B95574E005860C9 /* FirebaseAnalyticsWithoutAdIdSupport in Frameworks */ = {isa = PBXBuildFile; productRef = FB9959982B95574E005860C9 /* FirebaseAnalyticsWithoutAdIdSupport */; };
		FB99599B2B95574E005860C9 /* FirebaseAppCheck in Frameworks */ = {isa = PBXBuildFile; productRef = FB99599A2B95574E005860C9 /* FirebaseAppCheck */; };
		FB99599D2B95574E005860C9 /* FirebaseAppDistribution-Beta in Frameworks */ = {isa = PBXBuildFile; productRef = FB99599C2B95574E005860C9 /* FirebaseAppDistribution-Beta */; };
		FB99599F2B95574E005860C9 /* FirebaseAuth in Frameworks */ = {isa = PBXBuildFile; productRef = FB99599E2B95574E005860C9 /* FirebaseAuth */; };
		FB9959A12B95574E005860C9 /* FirebaseAuthCombine-Community in Frameworks */ = {isa = PBXBuildFile; productRef = FB9959A02B95574E005860C9 /* FirebaseAuthCombine-Community */; };
		FB9959A32B95574E005860C9 /* FirebaseCrashlytics in Frameworks */ = {isa = PBXBuildFile; productRef = FB9959A22B95574E005860C9 /* FirebaseCrashlytics */; };
		FB9959A52B95574E005860C9 /* FirebaseDatabase in Frameworks */ = {isa = PBXBuildFile; productRef = FB9959A42B95574E005860C9 /* FirebaseDatabase */; };
		FB9959A72B95574E005860C9 /* FirebaseDatabaseSwift in Frameworks */ = {isa = PBXBuildFile; productRef = FB9959A62B95574E005860C9 /* FirebaseDatabaseSwift */; };
		FB9959A92B95574E005860C9 /* FirebaseDynamicLinks in Frameworks */ = {isa = PBXBuildFile; productRef = FB9959A82B95574E005860C9 /* FirebaseDynamicLinks */; };
		FB9959AB2B95574E005860C9 /* FirebaseFirestore in Frameworks */ = {isa = PBXBuildFile; productRef = FB9959AA2B95574E005860C9 /* FirebaseFirestore */; };
		FB9959AD2B95574E005860C9 /* FirebaseFirestoreCombine-Community in Frameworks */ = {isa = PBXBuildFile; productRef = FB9959AC2B95574E005860C9 /* FirebaseFirestoreCombine-Community */; };
		FB9959AF2B95574E005860C9 /* FirebaseFirestoreSwift in Frameworks */ = {isa = PBXBuildFile; productRef = FB9959AE2B95574E005860C9 /* FirebaseFirestoreSwift */; };
		FB9959B12B95574E005860C9 /* FirebaseFunctions in Frameworks */ = {isa = PBXBuildFile; productRef = FB9959B02B95574E005860C9 /* FirebaseFunctions */; };
		FB9959B32B95574E005860C9 /* FirebaseFunctionsCombine-Community in Frameworks */ = {isa = PBXBuildFile; productRef = FB9959B22B95574E005860C9 /* FirebaseFunctionsCombine-Community */; };
		FB9959B52B95574E005860C9 /* FirebaseInAppMessaging-Beta in Frameworks */ = {isa = PBXBuildFile; productRef = FB9959B42B95574E005860C9 /* FirebaseInAppMessaging-Beta */; };
		FB9959B72B95574E005860C9 /* FirebaseInAppMessagingSwift-Beta in Frameworks */ = {isa = PBXBuildFile; productRef = FB9959B62B95574E005860C9 /* FirebaseInAppMessagingSwift-Beta */; };
		FB9959B92B95574E005860C9 /* FirebaseInstallations in Frameworks */ = {isa = PBXBuildFile; productRef = FB9959B82B95574E005860C9 /* FirebaseInstallations */; };
		FB9959BB2B95574E005860C9 /* FirebaseMLModelDownloader in Frameworks */ = {isa = PBXBuildFile; productRef = FB9959BA2B95574E005860C9 /* FirebaseMLModelDownloader */; };
		FB9959BD2B95574E005860C9 /* FirebaseMessaging in Frameworks */ = {isa = PBXBuildFile; productRef = FB9959BC2B95574E005860C9 /* FirebaseMessaging */; };
		FB9959BF2B95574E005860C9 /* FirebasePerformance in Frameworks */ = {isa = PBXBuildFile; productRef = FB9959BE2B95574E005860C9 /* FirebasePerformance */; };
		FB9959C12B95574E005860C9 /* FirebaseRemoteConfig in Frameworks */ = {isa = PBXBuildFile; productRef = FB9959C02B95574E005860C9 /* FirebaseRemoteConfig */; };
		FB9959C32B95574E005860C9 /* FirebaseRemoteConfigSwift in Frameworks */ = {isa = PBXBuildFile; productRef = FB9959C22B95574E005860C9 /* FirebaseRemoteConfigSwift */; };
		FB9959C52B95574E005860C9 /* FirebaseStorage in Frameworks */ = {isa = PBXBuildFile; productRef = FB9959C42B95574E005860C9 /* FirebaseStorage */; };
		FB9959C72B95574E005860C9 /* FirebaseStorageCombine-Community in Frameworks */ = {isa = PBXBuildFile; productRef = FB9959C62B95574E005860C9 /* FirebaseStorageCombine-Community */; };
		FB9959CC2B956707005860C9 /* Constent.swift in Sources */ = {isa = PBXBuildFile; fileRef = FB9959CB2B956707005860C9 /* Constent.swift */; };
		FB9959CE2B95688C005860C9 /* NotificationManager.swift in Sources */ = {isa = PBXBuildFile; fileRef = FB9959CD2B95688C005860C9 /* NotificationManager.swift */; };
		FB9959D02B956BC9005860C9 /* README.rtf in Resources */ = {isa = PBXBuildFile; fileRef = FB9959CF2B956BC9005860C9 /* README.rtf */; };
/* End PBXBuildFile section */

/* Begin PBXFileReference section */
		FB99597B2B95552A005860C9 /* SRSwitUINotificationSampleApp.app */ = {isa = PBXFileReference; explicitFileType = wrapper.application; includeInIndex = 0; path = SRSwitUINotificationSampleApp.app; sourceTree = BUILT_PRODUCTS_DIR; };
		FB99597E2B95552A005860C9 /* SRSwitUINotificationSampleAppApp.swift */ = {isa = PBXFileReference; lastKnownFileType = sourcecode.swift; path = SRSwitUINotificationSampleAppApp.swift; sourceTree = "<group>"; };
		FB9959802B95552A005860C9 /* ContentView.swift */ = {isa = PBXFileReference; lastKnownFileType = sourcecode.swift; path = ContentView.swift; sourceTree = "<group>"; };
		FB9959822B95552C005860C9 /* Assets.xcassets */ = {isa = PBXFileReference; lastKnownFileType = folder.assetcatalog; path = Assets.xcassets; sourceTree = "<group>"; };
		FB9959852B95552C005860C9 /* Preview Assets.xcassets */ = {isa = PBXFileReference; lastKnownFileType = folder.assetcatalog; path = "Preview Assets.xcassets"; sourceTree = "<group>"; };
		FB99598C2B9555A1005860C9 /* SRSwitUINotificationSampleApp.entitlements */ = {isa = PBXFileReference; lastKnownFileType = text.plist.entitlements; path = SRSwitUINotificationSampleApp.entitlements; sourceTree = "<group>"; };
		FB99598D2B9555B7005860C9 /* Info.plist */ = {isa = PBXFileReference; lastKnownFileType = text.plist.xml; path = Info.plist; sourceTree = "<group>"; };
		FB9959CB2B956707005860C9 /* Constent.swift */ = {isa = PBXFileReference; lastKnownFileType = sourcecode.swift; path = Constent.swift; sourceTree = "<group>"; };
		FB9959CD2B95688C005860C9 /* NotificationManager.swift */ = {isa = PBXFileReference; lastKnownFileType = sourcecode.swift; path = NotificationManager.swift; sourceTree = "<group>"; };
		FB9959CF2B956BC9005860C9 /* README.rtf */ = {isa = PBXFileReference; lastKnownFileType = text.rtf; path = README.rtf; sourceTree = "<group>"; };
/* End PBXFileReference section */

/* Begin PBXFrameworksBuildPhase section */
		FB9959782B95552A005860C9 /* Frameworks */ = {
			isa = PBXFrameworksBuildPhase;
			buildActionMask = 2147483647;
			files = (
				FB9959A52B95574E005860C9 /* FirebaseDatabase in Frameworks */,
				FB9959B32B95574E005860C9 /* FirebaseFunctionsCombine-Community in Frameworks */,
				FB9959AB2B95574E005860C9 /* FirebaseFirestore in Frameworks */,
				FB9959972B95574E005860C9 /* FirebaseAnalyticsSwift in Frameworks */,
				FB9959932B95574E005860C9 /* FirebaseAnalytics in Frameworks */,
				FB9959952B95574E005860C9 /* FirebaseAnalyticsOnDeviceConversion in Frameworks */,
				FB9959BB2B95574E005860C9 /* FirebaseMLModelDownloader in Frameworks */,
				FB9959AF2B95574E005860C9 /* FirebaseFirestoreSwift in Frameworks */,
				FB99599B2B95574E005860C9 /* FirebaseAppCheck in Frameworks */,
				FB9959992B95574E005860C9 /* FirebaseAnalyticsWithoutAdIdSupport in Frameworks */,
				FB99599F2B95574E005860C9 /* FirebaseAuth in Frameworks */,
				FB9959A32B95574E005860C9 /* FirebaseCrashlytics in Frameworks */,
				FB9959C32B95574E005860C9 /* FirebaseRemoteConfigSwift in Frameworks */,
				FB9959B52B95574E005860C9 /* FirebaseInAppMessaging-Beta in Frameworks */,
				FB9959A72B95574E005860C9 /* FirebaseDatabaseSwift in Frameworks */,
				FB9959B12B95574E005860C9 /* FirebaseFunctions in Frameworks */,
				FB9959C72B95574E005860C9 /* FirebaseStorageCombine-Community in Frameworks */,
				FB9959C12B95574E005860C9 /* FirebaseRemoteConfig in Frameworks */,
				FB99599D2B95574E005860C9 /* FirebaseAppDistribution-Beta in Frameworks */,
				FB9959A12B95574E005860C9 /* FirebaseAuthCombine-Community in Frameworks */,
				FB9959BF2B95574E005860C9 /* FirebasePerformance in Frameworks */,
				FB9959B72B95574E005860C9 /* FirebaseInAppMessagingSwift-Beta in Frameworks */,
				FB9959C52B95574E005860C9 /* FirebaseStorage in Frameworks */,
				FB9959A92B95574E005860C9 /* FirebaseDynamicLinks in Frameworks */,
				FB9959AD2B95574E005860C9 /* FirebaseFirestoreCombine-Community in Frameworks */,
				FB9959BD2B95574E005860C9 /* FirebaseMessaging in Frameworks */,
				FB9959B92B95574E005860C9 /* FirebaseInstallations in Frameworks */,
			);
			runOnlyForDeploymentPostprocessing = 0;
		};
/* End PBXFrameworksBuildPhase section */

/* Begin PBXGroup section */
		FB9959722B955529005860C9 = {
			isa = PBXGroup;
			children = (
				FB99597D2B95552A005860C9 /* SRSwitUINotificationSampleApp */,
				FB99597C2B95552A005860C9 /* Products */,
			);
			sourceTree = "<group>";
		};
		FB99597C2B95552A005860C9 /* Products */ = {
			isa = PBXGroup;
			children = (
				FB99597B2B95552A005860C9 /* SRSwitUINotificationSampleApp.app */,
			);
			name = Products;
			sourceTree = "<group>";
		};
		FB99597D2B95552A005860C9 /* SRSwitUINotificationSampleApp */ = {
			isa = PBXGroup;
			children = (
				FB99598C2B9555A1005860C9 /* SRSwitUINotificationSampleApp.entitlements */,
				FB9959C82B955763005860C9 /* App */,
				FB9959C92B9557CE005860C9 /* Screens */,
				FB9959CA2B9566FE005860C9 /* Utility */,
				FB99598E2B9555FF005860C9 /* Dev */,
				FB9959822B95552C005860C9 /* Assets.xcassets */,
				FB9959842B95552C005860C9 /* Preview Content */,
			);
			path = SRSwitUINotificationSampleApp;
			sourceTree = "<group>";
		};
		FB9959842B95552C005860C9 /* Preview Content */ = {
			isa = PBXGroup;
			children = (
				FB9959852B95552C005860C9 /* Preview Assets.xcassets */,
			);
			path = "Preview Content";
			sourceTree = "<group>";
		};
		FB99598E2B9555FF005860C9 /* Dev */ = {
			isa = PBXGroup;
			children = (
				FB9959CF2B956BC9005860C9 /* README.rtf */,
			);
			path = Dev;
			sourceTree = "<group>";
		};
		FB9959C82B955763005860C9 /* App */ = {
			isa = PBXGroup;
			children = (
				FB99598D2B9555B7005860C9 /* Info.plist */,
				FB99597E2B95552A005860C9 /* SRSwitUINotificationSampleAppApp.swift */,
				FB9959CD2B95688C005860C9 /* NotificationManager.swift */,
			);
			path = App;
			sourceTree = "<group>";
		};
		FB9959C92B9557CE005860C9 /* Screens */ = {
			isa = PBXGroup;
			children = (
				FB9959802B95552A005860C9 /* ContentView.swift */,
			);
			path = Screens;
			sourceTree = "<group>";
		};
		FB9959CA2B9566FE005860C9 /* Utility */ = {
			isa = PBXGroup;
			children = (
				FB9959CB2B956707005860C9 /* Constent.swift */,
			);
			path = Utility;
			sourceTree = "<group>";
		};
/* End PBXGroup section */

/* Begin PBXNativeTarget section */
		FB99597A2B95552A005860C9 /* SRSwitUINotificationSampleApp */ = {
			isa = PBXNativeTarget;
			buildConfigurationList = FB9959892B95552C005860C9 /* Build configuration list for PBXNativeTarget "SRSwitUINotificationSampleApp" */;
			buildPhases = (
				FB9959772B95552A005860C9 /* Sources */,
				FB9959782B95552A005860C9 /* Frameworks */,
				FB9959792B95552A005860C9 /* Resources */,
			);
			buildRules = (
			);
			dependencies = (
			);
			name = SRSwitUINotificationSampleApp;
			packageProductDependencies = (
				FB9959922B95574E005860C9 /* FirebaseAnalytics */,
				FB9959942B95574E005860C9 /* FirebaseAnalyticsOnDeviceConversion */,
				FB9959962B95574E005860C9 /* FirebaseAnalyticsSwift */,
				FB9959982B95574E005860C9 /* FirebaseAnalyticsWithoutAdIdSupport */,
				FB99599A2B95574E005860C9 /* FirebaseAppCheck */,
				FB99599C2B95574E005860C9 /* FirebaseAppDistribution-Beta */,
				FB99599E2B95574E005860C9 /* FirebaseAuth */,
				FB9959A02B95574E005860C9 /* FirebaseAuthCombine-Community */,
				FB9959A22B95574E005860C9 /* FirebaseCrashlytics */,
				FB9959A42B95574E005860C9 /* FirebaseDatabase */,
				FB9959A62B95574E005860C9 /* FirebaseDatabaseSwift */,
				FB9959A82B95574E005860C9 /* FirebaseDynamicLinks */,
				FB9959AA2B95574E005860C9 /* FirebaseFirestore */,
				FB9959AC2B95574E005860C9 /* FirebaseFirestoreCombine-Community */,
				FB9959AE2B95574E005860C9 /* FirebaseFirestoreSwift */,
				FB9959B02B95574E005860C9 /* FirebaseFunctions */,
				FB9959B22B95574E005860C9 /* FirebaseFunctionsCombine-Community */,
				FB9959B42B95574E005860C9 /* FirebaseInAppMessaging-Beta */,
				FB9959B62B95574E005860C9 /* FirebaseInAppMessagingSwift-Beta */,
				FB9959B82B95574E005860C9 /* FirebaseInstallations */,
				FB9959BA2B95574E005860C9 /* FirebaseMLModelDownloader */,
				FB9959BC2B95574E005860C9 /* FirebaseMessaging */,
				FB9959BE2B95574E005860C9 /* FirebasePerformance */,
				FB9959C02B95574E005860C9 /* FirebaseRemoteConfig */,
				FB9959C22B95574E005860C9 /* FirebaseRemoteConfigSwift */,
				FB9959C42B95574E005860C9 /* FirebaseStorage */,
				FB9959C62B95574E005860C9 /* FirebaseStorageCombine-Community */,
			);
			productName = SRSwitUINotificationSampleApp;
			productReference = FB99597B2B95552A005860C9 /* SRSwitUINotificationSampleApp.app */;
			productType = "com.apple.product-type.application";
		};
/* End PBXNativeTarget section */

/* Begin PBXProject section */
		FB9959732B955529005860C9 /* Project object */ = {
			isa = PBXProject;
			attributes = {
				BuildIndependentTargetsInParallel = 1;
				LastSwiftUpdateCheck = 1500;
				LastUpgradeCheck = 1500;
				TargetAttributes = {
					FB99597A2B95552A005860C9 = {
						CreatedOnToolsVersion = 15.0.1;
					};
				};
			};
			buildConfigurationList = FB9959762B955529005860C9 /* Build configuration list for PBXProject "SRSwitUINotificationSampleApp" */;
			compatibilityVersion = "Xcode 14.0";
			developmentRegion = en;
			hasScannedForEncodings = 0;
			knownRegions = (
				en,
				Base,
			);
			mainGroup = FB9959722B955529005860C9;
			packageReferences = (
				FB9959912B95574E005860C9 /* XCRemoteSwiftPackageReference "firebase-ios-sdk" */,
			);
			productRefGroup = FB99597C2B95552A005860C9 /* Products */;
			projectDirPath = "";
			projectRoot = "";
			targets = (
				FB99597A2B95552A005860C9 /* SRSwitUINotificationSampleApp */,
			);
		};
/* End PBXProject section */

/* Begin PBXResourcesBuildPhase section */
		FB9959792B95552A005860C9 /* Resources */ = {
			isa = PBXResourcesBuildPhase;
			buildActionMask = 2147483647;
			files = (
				FB9959862B95552C005860C9 /* Preview Assets.xcassets in Resources */,
				FB9959832B95552C005860C9 /* Assets.xcassets in Resources */,
				FB9959D02B956BC9005860C9 /* README.rtf in Resources */,
			);
			runOnlyForDeploymentPostprocessing = 0;
		};
/* End PBXResourcesBuildPhase section */

/* Begin PBXSourcesBuildPhase section */
		FB9959772B95552A005860C9 /* Sources */ = {
			isa = PBXSourcesBuildPhase;
			buildActionMask = 2147483647;
			files = (
				FB9959CC2B956707005860C9 /* Constent.swift in Sources */,
				FB9959812B95552A005860C9 /* ContentView.swift in Sources */,
				FB9959CE2B95688C005860C9 /* NotificationManager.swift in Sources */,
				FB99597F2B95552A005860C9 /* SRSwitUINotificationSampleAppApp.swift in Sources */,
			);
			runOnlyForDeploymentPostprocessing = 0;
		};
/* End PBXSourcesBuildPhase section */

/* Begin XCBuildConfiguration section */
		FB9959872B95552C005860C9 /* Debug */ = {
			isa = XCBuildConfiguration;
			buildSettings = {
				ALWAYS_SEARCH_USER_PATHS = NO;
				ASSETCATALOG_COMPILER_GENERATE_SWIFT_ASSET_SYMBOL_EXTENSIONS = YES;
				CLANG_ANALYZER_NONNULL = YES;
				CLANG_ANALYZER_NUMBER_OBJECT_CONVERSION = YES_AGGRESSIVE;
				CLANG_CXX_LANGUAGE_STANDARD = "gnu++20";
				CLANG_ENABLE_MODULES = YES;
				CLANG_ENABLE_OBJC_ARC = YES;
				CLANG_ENABLE_OBJC_WEAK = YES;
				CLANG_WARN_BLOCK_CAPTURE_AUTORELEASING = YES;
				CLANG_WARN_BOOL_CONVERSION = YES;
				CLANG_WARN_COMMA = YES;
				CLANG_WARN_CONSTANT_CONVERSION = YES;
				CLANG_WARN_DEPRECATED_OBJC_IMPLEMENTATIONS = YES;
				CLANG_WARN_DIRECT_OBJC_ISA_USAGE = YES_ERROR;
				CLANG_WARN_DOCUMENTATION_COMMENTS = YES;
				CLANG_WARN_EMPTY_BODY = YES;
				CLANG_WARN_ENUM_CONVERSION = YES;
				CLANG_WARN_INFINITE_RECURSION = YES;
				CLANG_WARN_INT_CONVERSION = YES;
				CLANG_WARN_NON_LITERAL_NULL_CONVERSION = YES;
				CLANG_WARN_OBJC_IMPLICIT_RETAIN_SELF = YES;
				CLANG_WARN_OBJC_LITERAL_CONVERSION = YES;
				CLANG_WARN_OBJC_ROOT_CLASS = YES_ERROR;
				CLANG_WARN_QUOTED_INCLUDE_IN_FRAMEWORK_HEADER = YES;
				CLANG_WARN_RANGE_LOOP_ANALYSIS = YES;
				CLANG_WARN_STRICT_PROTOTYPES = YES;
				CLANG_WARN_SUSPICIOUS_MOVE = YES;
				CLANG_WARN_UNGUARDED_AVAILABILITY = YES_AGGRESSIVE;
				CLANG_WARN_UNREACHABLE_CODE = YES;
				CLANG_WARN__DUPLICATE_METHOD_MATCH = YES;
				COPY_PHASE_STRIP = NO;
				DEBUG_INFORMATION_FORMAT = dwarf;
				ENABLE_STRICT_OBJC_MSGSEND = YES;
				ENABLE_TESTABILITY = YES;
				ENABLE_USER_SCRIPT_SANDBOXING = YES;
				GCC_C_LANGUAGE_STANDARD = gnu17;
				GCC_DYNAMIC_NO_PIC = NO;
				GCC_NO_COMMON_BLOCKS = YES;
				GCC_OPTIMIZATION_LEVEL = 0;
				GCC_PREPROCESSOR_DEFINITIONS = (
					"DEBUG=1",
					"$(inherited)",
				);
				GCC_WARN_64_TO_32_BIT_CONVERSION = YES;
				GCC_WARN_ABOUT_RETURN_TYPE = YES_ERROR;
				GCC_WARN_UNDECLARED_SELECTOR = YES;
				GCC_WARN_UNINITIALIZED_AUTOS = YES_AGGRESSIVE;
				GCC_WARN_UNUSED_FUNCTION = YES;
				GCC_WARN_UNUSED_VARIABLE = YES;
				IPHONEOS_DEPLOYMENT_TARGET = 17.0;
				LOCALIZATION_PREFERS_STRING_CATALOGS = YES;
				MTL_ENABLE_DEBUG_INFO = INCLUDE_SOURCE;
				MTL_FAST_MATH = YES;
				ONLY_ACTIVE_ARCH = YES;
				SDKROOT = iphoneos;
				SWIFT_ACTIVE_COMPILATION_CONDITIONS = "DEBUG $(inherited)";
				SWIFT_OPTIMIZATION_LEVEL = "-Onone";
			};
			name = Debug;
		};
		FB9959882B95552C005860C9 /* Release */ = {
			isa = XCBuildConfiguration;
			buildSettings = {
				ALWAYS_SEARCH_USER_PATHS = NO;
				ASSETCATALOG_COMPILER_GENERATE_SWIFT_ASSET_SYMBOL_EXTENSIONS = YES;
				CLANG_ANALYZER_NONNULL = YES;
				CLANG_ANALYZER_NUMBER_OBJECT_CONVERSION = YES_AGGRESSIVE;
				CLANG_CXX_LANGUAGE_STANDARD = "gnu++20";
				CLANG_ENABLE_MODULES = YES;
				CLANG_ENABLE_OBJC_ARC = YES;
				CLANG_ENABLE_OBJC_WEAK = YES;
				CLANG_WARN_BLOCK_CAPTURE_AUTORELEASING = YES;
				CLANG_WARN_BOOL_CONVERSION = YES;
				CLANG_WARN_COMMA = YES;
				CLANG_WARN_CONSTANT_CONVERSION = YES;
				CLANG_WARN_DEPRECATED_OBJC_IMPLEMENTATIONS = YES;
				CLANG_WARN_DIRECT_OBJC_ISA_USAGE = YES_ERROR;
				CLANG_WARN_DOCUMENTATION_COMMENTS = YES;
				CLANG_WARN_EMPTY_BODY = YES;
				CLANG_WARN_ENUM_CONVERSION = YES;
				CLANG_WARN_INFINITE_RECURSION = YES;
				CLANG_WARN_INT_CONVERSION = YES;
				CLANG_WARN_NON_LITERAL_NULL_CONVERSION = YES;
				CLANG_WARN_OBJC_IMPLICIT_RETAIN_SELF = YES;
				CLANG_WARN_OBJC_LITERAL_CONVERSION = YES;
				CLANG_WARN_OBJC_ROOT_CLASS = YES_ERROR;
				CLANG_WARN_QUOTED_INCLUDE_IN_FRAMEWORK_HEADER = YES;
				CLANG_WARN_RANGE_LOOP_ANALYSIS = YES;
				CLANG_WARN_STRICT_PROTOTYPES = YES;
				CLANG_WARN_SUSPICIOUS_MOVE = YES;
				CLANG_WARN_UNGUARDED_AVAILABILITY = YES_AGGRESSIVE;
				CLANG_WARN_UNREACHABLE_CODE = YES;
				CLANG_WARN__DUPLICATE_METHOD_MATCH = YES;
				COPY_PHASE_STRIP = NO;
				DEBUG_INFORMATION_FORMAT = "dwarf-with-dsym";
				ENABLE_NS_ASSERTIONS = NO;
				ENABLE_STRICT_OBJC_MSGSEND = YES;
				ENABLE_USER_SCRIPT_SANDBOXING = YES;
				GCC_C_LANGUAGE_STANDARD = gnu17;
				GCC_NO_COMMON_BLOCKS = YES;
				GCC_WARN_64_TO_32_BIT_CONVERSION = YES;
				GCC_WARN_ABOUT_RETURN_TYPE = YES_ERROR;
				GCC_WARN_UNDECLARED_SELECTOR = YES;
				GCC_WARN_UNINITIALIZED_AUTOS = YES_AGGRESSIVE;
				GCC_WARN_UNUSED_FUNCTION = YES;
				GCC_WARN_UNUSED_VARIABLE = YES;
				IPHONEOS_DEPLOYMENT_TARGET = 17.0;
				LOCALIZATION_PREFERS_STRING_CATALOGS = YES;
				MTL_ENABLE_DEBUG_INFO = NO;
				MTL_FAST_MATH = YES;
				SDKROOT = iphoneos;
				SWIFT_COMPILATION_MODE = wholemodule;
				VALIDATE_PRODUCT = YES;
			};
			name = Release;
		};
		FB99598A2B95552C005860C9 /* Debug */ = {
			isa = XCBuildConfiguration;
			buildSettings = {
				ASSETCATALOG_COMPILER_APPICON_NAME = AppIcon;
				ASSETCATALOG_COMPILER_GLOBAL_ACCENT_COLOR_NAME = AccentColor;
				CODE_SIGN_ENTITLEMENTS = SRSwitUINotificationSampleApp/SRSwitUINotificationSampleApp.entitlements;
				CODE_SIGN_IDENTITY = "Apple Development";
				CODE_SIGN_STYLE = Automatic;
				CURRENT_PROJECT_VERSION = 1;
				DEVELOPMENT_ASSET_PATHS = "\"SRSwitUINotificationSampleApp/Preview Content\"";
				DEVELOPMENT_TEAM = "";
				ENABLE_PREVIEWS = YES;
				GENERATE_INFOPLIST_FILE = YES;
				INFOPLIST_FILE = SRSwitUINotificationSampleApp/App/Info.plist;
				INFOPLIST_KEY_UIApplicationSceneManifest_Generation = YES;
				INFOPLIST_KEY_UIApplicationSupportsIndirectInputEvents = YES;
				INFOPLIST_KEY_UILaunchScreen_Generation = YES;
				INFOPLIST_KEY_UISupportedInterfaceOrientations_iPad = "UIInterfaceOrientationPortrait UIInterfaceOrientationPortraitUpsideDown UIInterfaceOrientationLandscapeLeft UIInterfaceOrientationLandscapeRight";
				INFOPLIST_KEY_UISupportedInterfaceOrientations_iPhone = "UIInterfaceOrientationPortrait UIInterfaceOrientationLandscapeLeft UIInterfaceOrientationLandscapeRight";
				LD_RUNPATH_SEARCH_PATHS = (
					"$(inherited)",
					"@executable_path/Frameworks",
				);
				MARKETING_VERSION = 1.0;
				PRODUCT_BUNDLE_IDENTIFIER = com.SahanRv.SRSwitUINotificationSampleApp;
				PRODUCT_NAME = "$(TARGET_NAME)";
				PROVISIONING_PROFILE_SPECIFIER = "";
				SWIFT_EMIT_LOC_STRINGS = YES;
				SWIFT_VERSION = 5.0;
				TARGETED_DEVICE_FAMILY = "1,2";
			};
			name = Debug;
		};
		FB99598B2B95552C005860C9 /* Release */ = {
			isa = XCBuildConfiguration;
			buildSettings = {
				ASSETCATALOG_COMPILER_APPICON_NAME = AppIcon;
				ASSETCATALOG_COMPILER_GLOBAL_ACCENT_COLOR_NAME = AccentColor;
				CODE_SIGN_ENTITLEMENTS = SRSwitUINotificationSampleApp/SRSwitUINotificationSampleApp.entitlements;
				CODE_SIGN_IDENTITY = "Apple Development";
				CODE_SIGN_STYLE = Automatic;
				CURRENT_PROJECT_VERSION = 1;
				DEVELOPMENT_ASSET_PATHS = "\"SRSwitUINotificationSampleApp/Preview Content\"";
				DEVELOPMENT_TEAM = "";
				ENABLE_PREVIEWS = YES;
				GENERATE_INFOPLIST_FILE = YES;
				INFOPLIST_FILE = SRSwitUINotificationSampleApp/App/Info.plist;
				INFOPLIST_KEY_UIApplicationSceneManifest_Generation = YES;
				INFOPLIST_KEY_UIApplicationSupportsIndirectInputEvents = YES;
				INFOPLIST_KEY_UILaunchScreen_Generation = YES;
				INFOPLIST_KEY_UISupportedInterfaceOrientations_iPad = "UIInterfaceOrientationPortrait UIInterfaceOrientationPortraitUpsideDown UIInterfaceOrientationLandscapeLeft UIInterfaceOrientationLandscapeRight";
				INFOPLIST_KEY_UISupportedInterfaceOrientations_iPhone = "UIInterfaceOrientationPortrait UIInterfaceOrientationLandscapeLeft UIInterfaceOrientationLandscapeRight";
				LD_RUNPATH_SEARCH_PATHS = (
					"$(inherited)",
					"@executable_path/Frameworks",
				);
				MARKETING_VERSION = 1.0;
				PRODUCT_BUNDLE_IDENTIFIER = com.SahanRv.SRSwitUINotificationSampleApp;
				PRODUCT_NAME = "$(TARGET_NAME)";
				PROVISIONING_PROFILE_SPECIFIER = "";
				SWIFT_EMIT_LOC_STRINGS = YES;
				SWIFT_VERSION = 5.0;
				TARGETED_DEVICE_FAMILY = "1,2";
			};
			name = Release;
		};
/* End XCBuildConfiguration section */

/* Begin XCConfigurationList section */
		FB9959762B955529005860C9 /* Build configuration list for PBXProject "SRSwitUINotificationSampleApp" */ = {
			isa = XCConfigurationList;
			buildConfigurations = (
				FB9959872B95552C005860C9 /* Debug */,
				FB9959882B95552C005860C9 /* Release */,
			);
			defaultConfigurationIsVisible = 0;
			defaultConfigurationName = Release;
		};
		FB9959892B95552C005860C9 /* Build configuration list for PBXNativeTarget "SRSwitUINotificationSampleApp" */ = {
			isa = XCConfigurationList;
			buildConfigurations = (
				FB99598A2B95552C005860C9 /* Debug */,
				FB99598B2B95552C005860C9 /* Release */,
			);
			defaultConfigurationIsVisible = 0;
			defaultConfigurationName = Release;
		};
/* End XCConfigurationList section */

/* Begin XCRemoteSwiftPackageReference section */
		FB9959912B95574E005860C9 /* XCRemoteSwiftPackageReference "firebase-ios-sdk" */ = {
			isa = XCRemoteSwiftPackageReference;
			repositoryURL = "https://github.com/firebase/firebase-ios-sdk";
			requirement = {
				kind = upToNextMajorVersion;
				minimumVersion = 10.21.0;
			};
		};
/* End XCRemoteSwiftPackageReference section */

/* Begin XCSwiftPackageProductDependency section */
		FB9959922B95574E005860C9 /* FirebaseAnalytics */ = {
			isa = XCSwiftPackageProductDependency;
			package = FB9959912B95574E005860C9 /* XCRemoteSwiftPackageReference "firebase-ios-sdk" */;
			productName = FirebaseAnalytics;
		};
		FB9959942B95574E005860C9 /* FirebaseAnalyticsOnDeviceConversion */ = {
			isa = XCSwiftPackageProductDependency;
			package = FB9959912B95574E005860C9 /* XCRemoteSwiftPackageReference "firebase-ios-sdk" */;
			productName = FirebaseAnalyticsOnDeviceConversion;
		};
		FB9959962B95574E005860C9 /* FirebaseAnalyticsSwift */ = {
			isa = XCSwiftPackageProductDependency;
			package = FB9959912B95574E005860C9 /* XCRemoteSwiftPackageReference "firebase-ios-sdk" */;
			productName = FirebaseAnalyticsSwift;
		};
		FB9959982B95574E005860C9 /* FirebaseAnalyticsWithoutAdIdSupport */ = {
			isa = XCSwiftPackageProductDependency;
			package = FB9959912B95574E005860C9 /* XCRemoteSwiftPackageReference "firebase-ios-sdk" */;
			productName = FirebaseAnalyticsWithoutAdIdSupport;
		};
		FB99599A2B95574E005860C9 /* FirebaseAppCheck */ = {
			isa = XCSwiftPackageProductDependency;
			package = FB9959912B95574E005860C9 /* XCRemoteSwiftPackageReference "firebase-ios-sdk" */;
			productName = FirebaseAppCheck;
		};
		FB99599C2B95574E005860C9 /* FirebaseAppDistribution-Beta */ = {
			isa = XCSwiftPackageProductDependency;
			package = FB9959912B95574E005860C9 /* XCRemoteSwiftPackageReference "firebase-ios-sdk" */;
			productName = "FirebaseAppDistribution-Beta";
		};
		FB99599E2B95574E005860C9 /* FirebaseAuth */ = {
			isa = XCSwiftPackageProductDependency;
			package = FB9959912B95574E005860C9 /* XCRemoteSwiftPackageReference "firebase-ios-sdk" */;
			productName = FirebaseAuth;
		};
		FB9959A02B95574E005860C9 /* FirebaseAuthCombine-Community */ = {
			isa = XCSwiftPackageProductDependency;
			package = FB9959912B95574E005860C9 /* XCRemoteSwiftPackageReference "firebase-ios-sdk" */;
			productName = "FirebaseAuthCombine-Community";
		};
		FB9959A22B95574E005860C9 /* FirebaseCrashlytics */ = {
			isa = XCSwiftPackageProductDependency;
			package = FB9959912B95574E005860C9 /* XCRemoteSwiftPackageReference "firebase-ios-sdk" */;
			productName = FirebaseCrashlytics;
		};
		FB9959A42B95574E005860C9 /* FirebaseDatabase */ = {
			isa = XCSwiftPackageProductDependency;
			package = FB9959912B95574E005860C9 /* XCRemoteSwiftPackageReference "firebase-ios-sdk" */;
			productName = FirebaseDatabase;
		};
		FB9959A62B95574E005860C9 /* FirebaseDatabaseSwift */ = {
			isa = XCSwiftPackageProductDependency;
			package = FB9959912B95574E005860C9 /* XCRemoteSwiftPackageReference "firebase-ios-sdk" */;
			productName = FirebaseDatabaseSwift;
		};
		FB9959A82B95574E005860C9 /* FirebaseDynamicLinks */ = {
			isa = XCSwiftPackageProductDependency;
			package = FB9959912B95574E005860C9 /* XCRemoteSwiftPackageReference "firebase-ios-sdk" */;
			productName = FirebaseDynamicLinks;
		};
		FB9959AA2B95574E005860C9 /* FirebaseFirestore */ = {
			isa = XCSwiftPackageProductDependency;
			package = FB9959912B95574E005860C9 /* XCRemoteSwiftPackageReference "firebase-ios-sdk" */;
			productName = FirebaseFirestore;
		};
		FB9959AC2B95574E005860C9 /* FirebaseFirestoreCombine-Community */ = {
			isa = XCSwiftPackageProductDependency;
			package = FB9959912B95574E005860C9 /* XCRemoteSwiftPackageReference "firebase-ios-sdk" */;
			productName = "FirebaseFirestoreCombine-Community";
		};
		FB9959AE2B95574E005860C9 /* FirebaseFirestoreSwift */ = {
			isa = XCSwiftPackageProductDependency;
			package = FB9959912B95574E005860C9 /* XCRemoteSwiftPackageReference "firebase-ios-sdk" */;
			productName = FirebaseFirestoreSwift;
		};
		FB9959B02B95574E005860C9 /* FirebaseFunctions */ = {
			isa = XCSwiftPackageProductDependency;
			package = FB9959912B95574E005860C9 /* XCRemoteSwiftPackageReference "firebase-ios-sdk" */;
			productName = FirebaseFunctions;
		};
		FB9959B22B95574E005860C9 /* FirebaseFunctionsCombine-Community */ = {
			isa = XCSwiftPackageProductDependency;
			package = FB9959912B95574E005860C9 /* XCRemoteSwiftPackageReference "firebase-ios-sdk" */;
			productName = "FirebaseFunctionsCombine-Community";
		};
		FB9959B42B95574E005860C9 /* FirebaseInAppMessaging-Beta */ = {
			isa = XCSwiftPackageProductDependency;
			package = FB9959912B95574E005860C9 /* XCRemoteSwiftPackageReference "firebase-ios-sdk" */;
			productName = "FirebaseInAppMessaging-Beta";
		};
		FB9959B62B95574E005860C9 /* FirebaseInAppMessagingSwift-Beta */ = {
			isa = XCSwiftPackageProductDependency;
			package = FB9959912B95574E005860C9 /* XCRemoteSwiftPackageReference "firebase-ios-sdk" */;
			productName = "FirebaseInAppMessagingSwift-Beta";
		};
		FB9959B82B95574E005860C9 /* FirebaseInstallations */ = {
			isa = XCSwiftPackageProductDependency;
			package = FB9959912B95574E005860C9 /* XCRemoteSwiftPackageReference "firebase-ios-sdk" */;
			productName = FirebaseInstallations;
		};
		FB9959BA2B95574E005860C9 /* FirebaseMLModelDownloader */ = {
			isa = XCSwiftPackageProductDependency;
			package = FB9959912B95574E005860C9 /* XCRemoteSwiftPackageReference "firebase-ios-sdk" */;
			productName = FirebaseMLModelDownloader;
		};
		FB9959BC2B95574E005860C9 /* FirebaseMessaging */ = {
			isa = XCSwiftPackageProductDependency;
			package = FB9959912B95574E005860C9 /* XCRemoteSwiftPackageReference "firebase-ios-sdk" */;
			productName = FirebaseMessaging;
		};
		FB9959BE2B95574E005860C9 /* FirebasePerformance */ = {
			isa = XCSwiftPackageProductDependency;
			package = FB9959912B95574E005860C9 /* XCRemoteSwiftPackageReference "firebase-ios-sdk" */;
			productName = FirebasePerformance;
		};
		FB9959C02B95574E005860C9 /* FirebaseRemoteConfig */ = {
			isa = XCSwiftPackageProductDependency;
			package = FB9959912B95574E005860C9 /* XCRemoteSwiftPackageReference "firebase-ios-sdk" */;
			productName = FirebaseRemoteConfig;
		};
		FB9959C22B95574E005860C9 /* FirebaseRemoteConfigSwift */ = {
			isa = XCSwiftPackageProductDependency;
			package = FB9959912B95574E005860C9 /* XCRemoteSwiftPackageReference "firebase-ios-sdk" */;
			productName = FirebaseRemoteConfigSwift;
		};
		FB9959C42B95574E005860C9 /* FirebaseStorage */ = {
			isa = XCSwiftPackageProductDependency;
			package = FB9959912B95574E005860C9 /* XCRemoteSwiftPackageReference "firebase-ios-sdk" */;
			productName = FirebaseStorage;
		};
		FB9959C62B95574E005860C9 /* FirebaseStorageCombine-Community */ = {
			isa = XCSwiftPackageProductDependency;
			package = FB9959912B95574E005860C9 /* XCRemoteSwiftPackageReference "firebase-ios-sdk" */;
			productName = "FirebaseStorageCombine-Community";
		};
/* End XCSwiftPackageProductDependency section */
	};
	rootObject = FB9959732B955529005860C9 /* Project object */;
}
